
Microsoft Visual Studio Solution File, Format Version 12.00
# Visual Studio 2012
Project("{FAE04EC0-301F-11D3-BF4B-00C04F79EFBC}") = "ThenComesMarriage", "ThenComesMarriage\ThenComesMarriage.csproj", "{10242AEE-12B9-42F5-8E4E-4EE98A327D04}"
EndProject
Project("{2150E333-8FDC-42A3-9474-1A3956D46DE8}") = ".nuget", ".nuget", "{5DDF48D3-30DE-4AE5-B959-FAA8EDFD1464}"
	ProjectSection(SolutionItems) = preProject
		.nuget\packages.config = .nuget\packages.config
	EndProjectSection
EndProject
Global
	GlobalSection(SolutionConfigurationPlatforms) = preSolution
		Debug|Any CPU = Debug|Any CPU
		Release|Any CPU = Release|Any CPU
	EndGlobalSection
	GlobalSection(ProjectConfigurationPlatforms) = postSolution
		{10242AEE-12B9-42F5-8E4E-4EE98A327D04}.Debug|Any CPU.ActiveCfg = Debug|Any CPU
		{10242AEE-12B9-42F5-8E4E-4EE98A327D04}.Debug|Any CPU.Build.0 = Debug|Any CPU
		{10242AEE-12B9-42F5-8E4E-4EE98A327D04}.Release|Any CPU.ActiveCfg = Release|Any CPU
		{10242AEE-12B9-42F5-8E4E-4EE98A327D04}.Release|Any CPU.Build.0 = Release|Any CPU
	EndGlobalSection
	GlobalSection(SolutionProperties) = preSolution
		HideSolutionNode = FALSE
	EndGlobalSection
EndGlobal
